
Microsoft Visual Studio Solution File, Format Version 12.00
# Visual Studio Version 16
VisualStudioVersion = 16.0.28803.352
MinimumVisualStudioVersion = 10.0.40219.1
Project("{FAE04EC0-301F-11D3-BF4B-00C04F79EFBC}") = "polarmediamgmo", "polarmediamgmo\polarmediamgmo.csproj", "{13478582-C8EB-46E9-8285-0ED1890E2375}"
EndProject
Global
	GlobalSection(SolutionConfigurationPlatforms) = preSolution
		Debug|Any CPU = Debug|Any CPU
		Release|Any CPU = Release|Any CPU
	EndGlobalSection
	GlobalSection(ProjectConfigurationPlatforms) = postSolution
		{13478582-C8EB-46E9-8285-0ED1890E2375}.Debug|Any CPU.ActiveCfg = Debug|Any CPU
		{13478582-C8EB-46E9-8285-0ED1890E2375}.Debug|Any CPU.Build.0 = Debug|Any CPU
		{13478582-C8EB-46E9-8285-0ED1890E2375}.Release|Any CPU.ActiveCfg = Release|Any CPU
		{13478582-C8EB-46E9-8285-0ED1890E2375}.Release|Any CPU.Build.0 = Release|Any CPU
	EndGlobalSection
	GlobalSection(SolutionProperties) = preSolution
		HideSolutionNode = FALSE
	EndGlobalSection
	GlobalSection(ExtensibilityGlobals) = postSolution
		SolutionGuid = {E0DB8A1E-D704-438D-99F7-65B4892E0205}
	EndGlobalSection
EndGlobal
